<<<<<<< HEAD
﻿
Microsoft Visual Studio Solution File, Format Version 12.00
Project("{FAE04EC0-301F-11D3-BF4B-00C04F79EFBC}") = "ConsoleApp", "ConsoleApp\ConsoleApp.csproj", "{329F6570-9B0C-47C7-9AD1-3E5C5D000DAD}"
EndProject
Global
	GlobalSection(SolutionConfigurationPlatforms) = preSolution
		Debug|Any CPU = Debug|Any CPU
		Release|Any CPU = Release|Any CPU
	EndGlobalSection
	GlobalSection(ProjectConfigurationPlatforms) = postSolution
		{329F6570-9B0C-47C7-9AD1-3E5C5D000DAD}.Debug|Any CPU.ActiveCfg = Debug|Any CPU
		{329F6570-9B0C-47C7-9AD1-3E5C5D000DAD}.Debug|Any CPU.Build.0 = Debug|Any CPU
		{329F6570-9B0C-47C7-9AD1-3E5C5D000DAD}.Release|Any CPU.ActiveCfg = Release|Any CPU
		{329F6570-9B0C-47C7-9AD1-3E5C5D000DAD}.Release|Any CPU.Build.0 = Release|Any CPU
	EndGlobalSection
EndGlobal
=======
﻿
Microsoft Visual Studio Solution File, Format Version 12.00
Project("{FAE04EC0-301F-11D3-BF4B-00C04F79EFBC}") = "ConsoleApp", "ConsoleApp\ConsoleApp.csproj", "{329F6570-9B0C-47C7-9AD1-3E5C5D000DAD}"
EndProject
Global
	GlobalSection(SolutionConfigurationPlatforms) = preSolution
		Debug|Any CPU = Debug|Any CPU
		Release|Any CPU = Release|Any CPU
	EndGlobalSection
	GlobalSection(ProjectConfigurationPlatforms) = postSolution
		{329F6570-9B0C-47C7-9AD1-3E5C5D000DAD}.Debug|Any CPU.ActiveCfg = Debug|Any CPU
		{329F6570-9B0C-47C7-9AD1-3E5C5D000DAD}.Debug|Any CPU.Build.0 = Debug|Any CPU
		{329F6570-9B0C-47C7-9AD1-3E5C5D000DAD}.Release|Any CPU.ActiveCfg = Release|Any CPU
		{329F6570-9B0C-47C7-9AD1-3E5C5D000DAD}.Release|Any CPU.Build.0 = Release|Any CPU
	EndGlobalSection
EndGlobal
>>>>>>> c81d71d (feat:init)
